
Microsoft Visual Studio Solution File, Format Version 12.00
# Visual Studio Version 17
VisualStudioVersion = 17.4.33110.190
MinimumVisualStudioVersion = 10.0.40219.1
Project("{FAE04EC0-301F-11D3-BF4B-00C04F79EFBC}") = "extension method", "extension method\extension method.csproj", "{E8704822-EA50-4AB7-AEA6-D445C20CBFE2}"
EndProject
Project("{FAE04EC0-301F-11D3-BF4B-00C04F79EFBC}") = "extended func", "extended func\extended func.csproj", "{E8F3A4AB-9890-4586-9459-97B606FC7D79}"
EndProject
Project("{FAE04EC0-301F-11D3-BF4B-00C04F79EFBC}") = "Test", "Test\Test.csproj", "{BD5581D3-9052-4206-AD66-F22C58739F54}"
EndProject
Global
	GlobalSection(SolutionConfigurationPlatforms) = preSolution
		Debug|Any CPU = Debug|Any CPU
		Release|Any CPU = Release|Any CPU
	EndGlobalSection
	GlobalSection(ProjectConfigurationPlatforms) = postSolution
		{E8704822-EA50-4AB7-AEA6-D445C20CBFE2}.Debug|Any CPU.ActiveCfg = Debug|Any CPU
		{E8704822-EA50-4AB7-AEA6-D445C20CBFE2}.Debug|Any CPU.Build.0 = Debug|Any CPU
		{E8704822-EA50-4AB7-AEA6-D445C20CBFE2}.Release|Any CPU.ActiveCfg = Release|Any CPU
		{E8704822-EA50-4AB7-AEA6-D445C20CBFE2}.Release|Any CPU.Build.0 = Release|Any CPU
		{E8F3A4AB-9890-4586-9459-97B606FC7D79}.Debug|Any CPU.ActiveCfg = Debug|Any CPU
		{E8F3A4AB-9890-4586-9459-97B606FC7D79}.Debug|Any CPU.Build.0 = Debug|Any CPU
		{E8F3A4AB-9890-4586-9459-97B606FC7D79}.Release|Any CPU.ActiveCfg = Release|Any CPU
		{E8F3A4AB-9890-4586-9459-97B606FC7D79}.Release|Any CPU.Build.0 = Release|Any CPU
		{BD5581D3-9052-4206-AD66-F22C58739F54}.Debug|Any CPU.ActiveCfg = Debug|Any CPU
		{BD5581D3-9052-4206-AD66-F22C58739F54}.Debug|Any CPU.Build.0 = Debug|Any CPU
		{BD5581D3-9052-4206-AD66-F22C58739F54}.Release|Any CPU.ActiveCfg = Release|Any CPU
		{BD5581D3-9052-4206-AD66-F22C58739F54}.Release|Any CPU.Build.0 = Release|Any CPU
	EndGlobalSection
	GlobalSection(SolutionProperties) = preSolution
		HideSolutionNode = FALSE
	EndGlobalSection
	GlobalSection(ExtensibilityGlobals) = postSolution
		SolutionGuid = {056A9990-4DAC-44EA-AE3B-4707B153A3AE}
	EndGlobalSection
EndGlobal
